
Microsoft Visual Studio Solution File, Format Version 12.00
# Visual Studio Version 16
VisualStudioVersion = 16.0.31005.135
MinimumVisualStudioVersion = 10.0.40219.1
Project("{8BC9CEB8-8B4A-11D0-8D11-00A0C91BC942}") = "slamd", "slamd.vcxproj", "{B0F6D09C-637F-400D-A1A4-00D70A73D29F}"
EndProject
Global
	GlobalSection(SolutionConfigurationPlatforms) = preSolution
		Debug|x64 = Debug|x64
		Debug|x86 = Debug|x86
		Release|x64 = Release|x64
		Release|x86 = Release|x86
	EndGlobalSection
	GlobalSection(ProjectConfigurationPlatforms) = postSolution
		{B0F6D09C-637F-400D-A1A4-00D70A73D29F}.Debug|x64.ActiveCfg = Debug|x64
		{B0F6D09C-637F-400D-A1A4-00D70A73D29F}.Debug|x64.Build.0 = Debug|x64
		{B0F6D09C-637F-400D-A1A4-00D70A73D29F}.Debug|x86.ActiveCfg = Debug|Win32
		{B0F6D09C-637F-400D-A1A4-00D70A73D29F}.Debug|x86.Build.0 = Debug|Win32
		{B0F6D09C-637F-400D-A1A4-00D70A73D29F}.Release|x64.ActiveCfg = Release|x64
		{B0F6D09C-637F-400D-A1A4-00D70A73D29F}.Release|x64.Build.0 = Release|x64
		{B0F6D09C-637F-400D-A1A4-00D70A73D29F}.Release|x86.ActiveCfg = Release|Win32
		{B0F6D09C-637F-400D-A1A4-00D70A73D29F}.Release|x86.Build.0 = Release|Win32
	EndGlobalSection
	GlobalSection(SolutionProperties) = preSolution
		HideSolutionNode = FALSE
	EndGlobalSection
	GlobalSection(ExtensibilityGlobals) = postSolution
		SolutionGuid = {DA9F3E39-CDAD-4A34-91F9-06D04330674B}
	EndGlobalSection
EndGlobal
